// !$*UTF8*$!
{
	archiveVersion = 1;
	classes = {
	};
	objectVersion = 46;
	objects = {

/* Begin PBXBuildFile section */
		841EBEAB1E963ED800E951D8 /* PokedexViewController.swift in Sources */ = {isa = PBXBuildFile; fileRef = 841EBEAA1E963ED800E951D8 /* PokedexViewController.swift */; };
		841EBEAD1E96459000E951D8 /* coreDataHelper.swift in Sources */ = {isa = PBXBuildFile; fileRef = 841EBEAC1E96459000E951D8 /* coreDataHelper.swift */; };
		841EBEAF1E965C8000E951D8 /* pokemonAnnotation.swift in Sources */ = {isa = PBXBuildFile; fileRef = 841EBEAE1E965C8000E951D8 /* pokemonAnnotation.swift */; };
		8436A63D1E96009000D2810E /* AppDelegate.swift in Sources */ = {isa = PBXBuildFile; fileRef = 8436A63C1E96009000D2810E /* AppDelegate.swift */; };
		8436A63F1E96009000D2810E /* ViewController.swift in Sources */ = {isa = PBXBuildFile; fileRef = 8436A63E1E96009000D2810E /* ViewController.swift */; };
		8436A6421E96009000D2810E /* Main.storyboard in Resources */ = {isa = PBXBuildFile; fileRef = 8436A6401E96009000D2810E /* Main.storyboard */; };
		8436A6451E96009000D2810E /* MalvaniGo.xcdatamodeld in Sources */ = {isa = PBXBuildFile; fileRef = 8436A6431E96009000D2810E /* MalvaniGo.xcdatamodeld */; };
		8436A6471E96009000D2810E /* Assets.xcassets in Resources */ = {isa = PBXBuildFile; fileRef = 8436A6461E96009000D2810E /* Assets.xcassets */; };
		8436A64A1E96009000D2810E /* LaunchScreen.storyboard in Resources */ = {isa = PBXBuildFile; fileRef = 8436A6481E96009000D2810E /* LaunchScreen.storyboard */; };
		8436A6531E96011E00D2810E /* MapKit.framework in Frameworks */ = {isa = PBXBuildFile; fileRef = 8436A6521E96011E00D2810E /* MapKit.framework */; settings = {ATTRIBUTES = (Required, ); }; };
		84826E9D1E97653300C03504 /* battleScene.swift in Sources */ = {isa = PBXBuildFile; fileRef = 84826E9C1E97653300C03504 /* battleScene.swift */; };
		84826E9F1E97655500C03504 /* BattleViewController.swift in Sources */ = {isa = PBXBuildFile; fileRef = 84826E9E1E97655500C03504 /* BattleViewController.swift */; };
/* End PBXBuildFile section */

/* Begin PBXFileReference section */
		841EBEAA1E963ED800E951D8 /* PokedexViewController.swift */ = {isa = PBXFileReference; fileEncoding = 4; lastKnownFileType = sourcecode.swift; path = PokedexViewController.swift; sourceTree = "<group>"; };
		841EBEAC1E96459000E951D8 /* coreDataHelper.swift */ = {isa = PBXFileReference; fileEncoding = 4; lastKnownFileType = sourcecode.swift; path = coreDataHelper.swift; sourceTree = "<group>"; };
		841EBEAE1E965C8000E951D8 /* pokemonAnnotation.swift */ = {isa = PBXFileReference; fileEncoding = 4; lastKnownFileType = sourcecode.swift; path = pokemonAnnotation.swift; sourceTree = "<group>"; };
		8436A6391E96009000D2810E /* MalvaniGo.app */ = {isa = PBXFileReference; explicitFileType = wrapper.application; includeInIndex = 0; path = MalvaniGo.app; sourceTree = BUILT_PRODUCTS_DIR; };
		8436A63C1E96009000D2810E /* AppDelegate.swift */ = {isa = PBXFileReference; lastKnownFileType = sourcecode.swift; path = AppDelegate.swift; sourceTree = "<group>"; };
		8436A63E1E96009000D2810E /* ViewController.swift */ = {isa = PBXFileReference; lastKnownFileType = sourcecode.swift; path = ViewController.swift; sourceTree = "<group>"; };
		8436A6411E96009000D2810E /* Base */ = {isa = PBXFileReference; lastKnownFileType = file.storyboard; name = Base; path = Base.lproj/Main.storyboard; sourceTree = "<group>"; };
		8436A6441E96009000D2810E /* MalvaniGo.xcdatamodel */ = {isa = PBXFileReference; lastKnownFileType = wrapper.xcdatamodel; path = MalvaniGo.xcdatamodel; sourceTree = "<group>"; };
		8436A6461E96009000D2810E /* Assets.xcassets */ = {isa = PBXFileReference; lastKnownFileType = folder.assetcatalog; path = Assets.xcassets; sourceTree = "<group>"; };
		8436A6491E96009000D2810E /* Base */ = {isa = PBXFileReference; lastKnownFileType = file.storyboard; name = Base; path = Base.lproj/LaunchScreen.storyboard; sourceTree = "<group>"; };
		8436A64B1E96009000D2810E /* Info.plist */ = {isa = PBXFileReference; lastKnownFileType = text.plist.xml; path = Info.plist; sourceTree = "<group>"; };
		8436A6521E96011E00D2810E /* MapKit.framework */ = {isa = PBXFileReference; lastKnownFileType = wrapper.framework; name = MapKit.framework; path = System/Library/Frameworks/MapKit.framework; sourceTree = SDKROOT; };
		84826E9C1E97653300C03504 /* battleScene.swift */ = {isa = PBXFileReference; fileEncoding = 4; lastKnownFileType = sourcecode.swift; path = battleScene.swift; sourceTree = "<group>"; };
		84826E9E1E97655500C03504 /* BattleViewController.swift */ = {isa = PBXFileReference; fileEncoding = 4; lastKnownFileType = sourcecode.swift; path = BattleViewController.swift; sourceTree = "<group>"; };
/* End PBXFileReference section */

/* Begin PBXFrameworksBuildPhase section */
		8436A6361E96009000D2810E /* Frameworks */ = {
			isa = PBXFrameworksBuildPhase;
			buildActionMask = 2147483647;
			files = (
				8436A6531E96011E00D2810E /* MapKit.framework in Frameworks */,
			);
			runOnlyForDeploymentPostprocessing = 0;
		};
/* End PBXFrameworksBuildPhase section */

/* Begin PBXGroup section */
		8436A6301E96009000D2810E = {
			isa = PBXGroup;
			children = (
				8436A63B1E96009000D2810E /* MalvaniGo */,
				8436A63A1E96009000D2810E /* Products */,
				8436A6511E96011E00D2810E /* Frameworks */,
			);
			sourceTree = "<group>";
		};
		8436A63A1E96009000D2810E /* Products */ = {
			isa = PBXGroup;
			children = (
				8436A6391E96009000D2810E /* MalvaniGo.app */,
			);
			name = Products;
			sourceTree = "<group>";
		};
		8436A63B1E96009000D2810E /* MalvaniGo */ = {
			isa = PBXGroup;
			children = (
				8436A63C1E96009000D2810E /* AppDelegate.swift */,
				8436A63E1E96009000D2810E /* ViewController.swift */,
				841EBEAA1E963ED800E951D8 /* PokedexViewController.swift */,
				841EBEAC1E96459000E951D8 /* coreDataHelper.swift */,
				841EBEAE1E965C8000E951D8 /* pokemonAnnotation.swift */,
				84826E9E1E97655500C03504 /* BattleViewController.swift */,
				84826E9C1E97653300C03504 /* battleScene.swift */,
				8436A6401E96009000D2810E /* Main.storyboard */,
				8436A6461E96009000D2810E /* Assets.xcassets */,
				8436A6481E96009000D2810E /* LaunchScreen.storyboard */,
				8436A64B1E96009000D2810E /* Info.plist */,
				8436A6431E96009000D2810E /* MalvaniGo.xcdatamodeld */,
			);
			path = MalvaniGo;
			sourceTree = "<group>";
		};
		8436A6511E96011E00D2810E /* Frameworks */ = {
			isa = PBXGroup;
			children = (
				8436A6521E96011E00D2810E /* MapKit.framework */,
			);
			name = Frameworks;
			sourceTree = "<group>";
		};
/* End PBXGroup section */

/* Begin PBXNativeTarget section */
		8436A6381E96009000D2810E /* MalvaniGo */ = {
			isa = PBXNativeTarget;
			buildConfigurationList = 8436A64E1E96009000D2810E /* Build configuration list for PBXNativeTarget "MalvaniGo" */;
			buildPhases = (
				8436A6351E96009000D2810E /* Sources */,
				8436A6361E96009000D2810E /* Frameworks */,
				8436A6371E96009000D2810E /* Resources */,
			);
			buildRules = (
			);
			dependencies = (
			);
			name = MalvaniGo;
			productName = MalvaniGo;
			productReference = 8436A6391E96009000D2810E /* MalvaniGo.app */;
			productType = "com.apple.product-type.application";
		};
/* End PBXNativeTarget section */

/* Begin PBXProject section */
		8436A6311E96009000D2810E /* Project object */ = {
			isa = PBXProject;
			attributes = {
				LastSwiftUpdateCheck = 0800;
				LastUpgradeCheck = 0800;
				ORGANIZATIONNAME = ACE;
				TargetAttributes = {
					8436A6381E96009000D2810E = {
						CreatedOnToolsVersion = 8.0;
						ProvisioningStyle = Automatic;
					};
				};
			};
			buildConfigurationList = 8436A6341E96009000D2810E /* Build configuration list for PBXProject "MalvaniGo" */;
			compatibilityVersion = "Xcode 3.2";
			developmentRegion = English;
			hasScannedForEncodings = 0;
			knownRegions = (
				en,
				Base,
			);
			mainGroup = 8436A6301E96009000D2810E;
			productRefGroup = 8436A63A1E96009000D2810E /* Products */;
			projectDirPath = "";
			projectRoot = "";
			targets = (
				8436A6381E96009000D2810E /* MalvaniGo */,
			);
		};
/* End PBXProject section */

/* Begin PBXResourcesBuildPhase section */
		8436A6371E96009000D2810E /* Resources */ = {
			isa = PBXResourcesBuildPhase;
			buildActionMask = 2147483647;
			files = (
				8436A64A1E96009000D2810E /* LaunchScreen.storyboard in Resources */,
				8436A6471E96009000D2810E /* Assets.xcassets in Resources */,
				8436A6421E96009000D2810E /* Main.storyboard in Resources */,
			);
			runOnlyForDeploymentPostprocessing = 0;
		};
/* End PBXResourcesBuildPhase section */

/* Begin PBXSourcesBuildPhase section */
		8436A6351E96009000D2810E /* Sources */ = {
			isa = PBXSourcesBuildPhase;
			buildActionMask = 2147483647;
			files = (
				84826E9F1E97655500C03504 /* BattleViewController.swift in Sources */,
				84826E9D1E97653300C03504 /* battleScene.swift in Sources */,
				841EBEAF1E965C8000E951D8 /* pokemonAnnotation.swift in Sources */,
				8436A63F1E96009000D2810E /* ViewController.swift in Sources */,
				841EBEAB1E963ED800E951D8 /* PokedexViewController.swift in Sources */,
				8436A63D1E96009000D2810E /* AppDelegate.swift in Sources */,
				8436A6451E96009000D2810E /* MalvaniGo.xcdatamodeld in Sources */,
				841EBEAD1E96459000E951D8 /* coreDataHelper.swift in Sources */,
			);
			runOnlyForDeploymentPostprocessing = 0;
		};
/* End PBXSourcesBuildPhase section */

/* Begin PBXVariantGroup section */
		8436A6401E96009000D2810E /* Main.storyboard */ = {
			isa = PBXVariantGroup;
			children = (
				8436A6411E96009000D2810E /* Base */,
			);
			name = Main.storyboard;
			sourceTree = "<group>";
		};
		8436A6481E96009000D2810E /* LaunchScreen.storyboard */ = {
			isa = PBXVariantGroup;
			children = (
				8436A6491E96009000D2810E /* Base */,
			);
			name = LaunchScreen.storyboard;
			sourceTree = "<group>";
		};
/* End PBXVariantGroup section */

/* Begin XCBuildConfiguration section */
		8436A64C1E96009000D2810E /* Debug */ = {
			isa = XCBuildConfiguration;
			buildSettings = {
				ALWAYS_SEARCH_USER_PATHS = NO;
				CLANG_ANALYZER_NONNULL = YES;
				CLANG_CXX_LANGUAGE_STANDARD = "gnu++0x";
				CLANG_CXX_LIBRARY = "libc++";
				CLANG_ENABLE_MODULES = YES;
				CLANG_ENABLE_OBJC_ARC = YES;
				CLANG_WARN_BOOL_CONVERSION = YES;
				CLANG_WARN_CONSTANT_CONVERSION = YES;
				CLANG_WARN_DIRECT_OBJC_ISA_USAGE = YES_ERROR;
				CLANG_WARN_DOCUMENTATION_COMMENTS = YES;
				CLANG_WARN_EMPTY_BODY = YES;
				CLANG_WARN_ENUM_CONVERSION = YES;
				CLANG_WARN_INFINITE_RECURSION = YES;
				CLANG_WARN_INT_CONVERSION = YES;
				CLANG_WARN_OBJC_ROOT_CLASS = YES_ERROR;
				CLANG_WARN_SUSPICIOUS_MOVES = YES;
				CLANG_WARN_UNREACHABLE_CODE = YES;
				CLANG_WARN__DUPLICATE_METHOD_MATCH = YES;
				"CODE_SIGN_IDENTITY[sdk=iphoneos*]" = "iPhone Developer";
				COPY_PHASE_STRIP = NO;
				DEBUG_INFORMATION_FORMAT = dwarf;
				ENABLE_STRICT_OBJC_MSGSEND = YES;
				ENABLE_TESTABILITY = YES;
				GCC_C_LANGUAGE_STANDARD = gnu99;
				GCC_DYNAMIC_NO_PIC = NO;
				GCC_NO_COMMON_BLOCKS = YES;
				GCC_OPTIMIZATION_LEVEL = 0;
				GCC_PREPROCESSOR_DEFINITIONS = (
					"DEBUG=1",
					"$(inherited)",
				);
				GCC_WARN_64_TO_32_BIT_CONVERSION = YES;
				GCC_WARN_ABOUT_RETURN_TYPE = YES_ERROR;
				GCC_WARN_UNDECLARED_SELECTOR = YES;
				GCC_WARN_UNINITIALIZED_AUTOS = YES_AGGRESSIVE;
				GCC_WARN_UNUSED_FUNCTION = YES;
				GCC_WARN_UNUSED_VARIABLE = YES;
				IPHONEOS_DEPLOYMENT_TARGET = 10.0;
				MTL_ENABLE_DEBUG_INFO = YES;
				ONLY_ACTIVE_ARCH = YES;
				SDKROOT = iphoneos;
				SWIFT_ACTIVE_COMPILATION_CONDITIONS = DEBUG;
				SWIFT_OPTIMIZATION_LEVEL = "-Onone";
			};
			name = Debug;
		};
		8436A64D1E96009000D2810E /* Release */ = {
			isa = XCBuildConfiguration;
			buildSettings = {
				ALWAYS_SEARCH_USER_PATHS = NO;
				CLANG_ANALYZER_NONNULL = YES;
				CLANG_CXX_LANGUAGE_STANDARD = "gnu++0x";
				CLANG_CXX_LIBRARY = "libc++";
				CLANG_ENABLE_MODULES = YES;
				CLANG_ENABLE_OBJC_ARC = YES;
				CLANG_WARN_BOOL_CONVERSION = YES;
				CLANG_WARN_CONSTANT_CONVERSION = YES;
				CLANG_WARN_DIRECT_OBJC_ISA_USAGE = YES_ERROR;
				CLANG_WARN_DOCUMENTATION_COMMENTS = YES;
				CLANG_WARN_EMPTY_BODY = YES;
				CLANG_WARN_ENUM_CONVERSION = YES;
				CLANG_WARN_INFINITE_RECURSION = YES;
				CLANG_WARN_INT_CONVERSION = YES;
				CLANG_WARN_OBJC_ROOT_CLASS = YES_ERROR;
				CLANG_WARN_SUSPICIOUS_MOVES = YES;
				CLANG_WARN_UNREACHABLE_CODE = YES;
				CLANG_WARN__DUPLICATE_METHOD_MATCH = YES;
				"CODE_SIGN_IDENTITY[sdk=iphoneos*]" = "iPhone Developer";
				COPY_PHASE_STRIP = NO;
				DEBUG_INFORMATION_FORMAT = "dwarf-with-dsym";
				ENABLE_NS_ASSERTIONS = NO;
				ENABLE_STRICT_OBJC_MSGSEND = YES;
				GCC_C_LANGUAGE_STANDARD = gnu99;
				GCC_NO_COMMON_BLOCKS = YES;
				GCC_WARN_64_TO_32_BIT_CONVERSION = YES;
				GCC_WARN_ABOUT_RETURN_TYPE = YES_ERROR;
				GCC_WARN_UNDECLARED_SELECTOR = YES;
				GCC_WARN_UNINITIALIZED_AUTOS = YES_AGGRESSIVE;
				GCC_WARN_UNUSED_FUNCTION = YES;
				GCC_WARN_UNUSED_VARIABLE = YES;
				IPHONEOS_DEPLOYMENT_TARGET = 10.0;
				MTL_ENABLE_DEBUG_INFO = NO;
				SDKROOT = iphoneos;
				SWIFT_OPTIMIZATION_LEVEL = "-Owholemodule";
				VALIDATE_PRODUCT = YES;
			};
			name = Release;
		};
		8436A64F1E96009000D2810E /* Debug */ = {
			isa = XCBuildConfiguration;
			buildSettings = {
				ASSETCATALOG_COMPILER_APPICON_NAME = AppIcon;
				INFOPLIST_FILE = MalvaniGo/Info.plist;
				LD_RUNPATH_SEARCH_PATHS = "$(inherited) @executable_path/Frameworks";
				PRODUCT_BUNDLE_IDENTIFIER = com.atharva.MalvaniGo;
				PRODUCT_NAME = "$(TARGET_NAME)";
				SWIFT_VERSION = 3.0;
			};
			name = Debug;
		};
		8436A6501E96009000D2810E /* Release */ = {
			isa = XCBuildConfiguration;
			buildSettings = {
				ASSETCATALOG_COMPILER_APPICON_NAME = AppIcon;
				INFOPLIST_FILE = MalvaniGo/Info.plist;
				LD_RUNPATH_SEARCH_PATHS = "$(inherited) @executable_path/Frameworks";
				PRODUCT_BUNDLE_IDENTIFIER = com.atharva.MalvaniGo;
				PRODUCT_NAME = "$(TARGET_NAME)";
				SWIFT_VERSION = 3.0;
			};
			name = Release;
		};
/* End XCBuildConfiguration section */

/* Begin XCConfigurationList section */
		8436A6341E96009000D2810E /* Build configuration list for PBXProject "MalvaniGo" */ = {
			isa = XCConfigurationList;
			buildConfigurations = (
				8436A64C1E96009000D2810E /* Debug */,
				8436A64D1E96009000D2810E /* Release */,
			);
			defaultConfigurationIsVisible = 0;
			defaultConfigurationName = Release;
		};
		8436A64E1E96009000D2810E /* Build configuration list for PBXNativeTarget "MalvaniGo" */ = {
			isa = XCConfigurationList;
			buildConfigurations = (
				8436A64F1E96009000D2810E /* Debug */,
				8436A6501E96009000D2810E /* Release */,
			);
			defaultConfigurationIsVisible = 0;
			defaultConfigurationName = Release;
		};
/* End XCConfigurationList section */

/* Begin XCVersionGroup section */
		8436A6431E96009000D2810E /* MalvaniGo.xcdatamodeld */ = {
			isa = XCVersionGroup;
			children = (
				8436A6441E96009000D2810E /* MalvaniGo.xcdatamodel */,
			);
			currentVersion = 8436A6441E96009000D2810E /* MalvaniGo.xcdatamodel */;
			path = MalvaniGo.xcdatamodeld;
			sourceTree = "<group>";
			versionGroupType = wrapper.xcdatamodel;
		};
/* End XCVersionGroup section */
	};
	rootObject = 8436A6311E96009000D2810E /* Project object */;
}
